
Microsoft Visual Studio Solution File, Format Version 12.00
# Visual Studio Version 17
VisualStudioVersion = 17.5.002.0
MinimumVisualStudioVersion = 10.0.40219.1
Project("{2150E333-8FDC-42A3-9474-1A3956D46DE8}") = "Lesson6(7_12_23)", "Lesson6(7_12_23)", "{EDBD7073-AFF3-41D1-A400-EC0B6C555CEA}"
EndProject
Project("{9A19103F-16F7-4668-BE54-9A1E7A4F7556}") = "BootcampApp", "Lesson6(7_12_23)\BootcampApp\BootcampApp.csproj", "{52B813EC-352A-45AD-BA0E-169100E19FFF}"
EndProject
Global
	GlobalSection(SolutionConfigurationPlatforms) = preSolution
		Debug|Any CPU = Debug|Any CPU
		Release|Any CPU = Release|Any CPU
	EndGlobalSection
	GlobalSection(ProjectConfigurationPlatforms) = postSolution
		{52B813EC-352A-45AD-BA0E-169100E19FFF}.Debug|Any CPU.ActiveCfg = Debug|Any CPU
		{52B813EC-352A-45AD-BA0E-169100E19FFF}.Debug|Any CPU.Build.0 = Debug|Any CPU
		{52B813EC-352A-45AD-BA0E-169100E19FFF}.Release|Any CPU.ActiveCfg = Release|Any CPU
		{52B813EC-352A-45AD-BA0E-169100E19FFF}.Release|Any CPU.Build.0 = Release|Any CPU
	EndGlobalSection
	GlobalSection(SolutionProperties) = preSolution
		HideSolutionNode = FALSE
	EndGlobalSection
	GlobalSection(NestedProjects) = preSolution
		{52B813EC-352A-45AD-BA0E-169100E19FFF} = {EDBD7073-AFF3-41D1-A400-EC0B6C555CEA}
	EndGlobalSection
	GlobalSection(ExtensibilityGlobals) = postSolution
		SolutionGuid = {2AF28219-E3EA-4E83-AE33-781818C8FEC8}
	EndGlobalSection
EndGlobal
