
Microsoft Visual Studio Solution File, Format Version 12.00
# Visual Studio Version 17
VisualStudioVersion = 17.5.002.0
MinimumVisualStudioVersion = 10.0.40219.1
Project("{9A19103F-16F7-4668-BE54-9A1E7A4F7556}") = "UserIdentityApp", "UserIdentityApp.csproj", "{69BF01E8-CBEF-4636-A9F0-0E3AFFBF061D}"
EndProject
Global
	GlobalSection(SolutionConfigurationPlatforms) = preSolution
		Debug|Any CPU = Debug|Any CPU
		Release|Any CPU = Release|Any CPU
	EndGlobalSection
	GlobalSection(ProjectConfigurationPlatforms) = postSolution
		{69BF01E8-CBEF-4636-A9F0-0E3AFFBF061D}.Debug|Any CPU.ActiveCfg = Debug|Any CPU
		{69BF01E8-CBEF-4636-A9F0-0E3AFFBF061D}.Debug|Any CPU.Build.0 = Debug|Any CPU
		{69BF01E8-CBEF-4636-A9F0-0E3AFFBF061D}.Release|Any CPU.ActiveCfg = Release|Any CPU
		{69BF01E8-CBEF-4636-A9F0-0E3AFFBF061D}.Release|Any CPU.Build.0 = Release|Any CPU
	EndGlobalSection
	GlobalSection(SolutionProperties) = preSolution
		HideSolutionNode = FALSE
	EndGlobalSection
	GlobalSection(ExtensibilityGlobals) = postSolution
		SolutionGuid = {6CA065D2-5268-40AA-990E-A3A604A07E60}
	EndGlobalSection
EndGlobal
